
Microsoft Visual Studio Solution File, Format Version 12.00
# Visual Studio Version 16
VisualStudioVersion = 16.0.31129.286
MinimumVisualStudioVersion = 10.0.40219.1
Project("{FAE04EC0-301F-11D3-BF4B-00C04F79EFBC}") = "Booking-service", "Booking-service\Booking-service.csproj", "{BF70DA0F-E0C5-4B53-825B-192D49B0013C}"
EndProject
Global
	GlobalSection(SolutionConfigurationPlatforms) = preSolution
		Debug|Any CPU = Debug|Any CPU
		Release|Any CPU = Release|Any CPU
	EndGlobalSection
	GlobalSection(ProjectConfigurationPlatforms) = postSolution
		{BF70DA0F-E0C5-4B53-825B-192D49B0013C}.Debug|Any CPU.ActiveCfg = Debug|Any CPU
		{BF70DA0F-E0C5-4B53-825B-192D49B0013C}.Debug|Any CPU.Build.0 = Debug|Any CPU
		{BF70DA0F-E0C5-4B53-825B-192D49B0013C}.Release|Any CPU.ActiveCfg = Release|Any CPU
		{BF70DA0F-E0C5-4B53-825B-192D49B0013C}.Release|Any CPU.Build.0 = Release|Any CPU
	EndGlobalSection
	GlobalSection(SolutionProperties) = preSolution
		HideSolutionNode = FALSE
	EndGlobalSection
	GlobalSection(ExtensibilityGlobals) = postSolution
		SolutionGuid = {744E2502-3225-4E37-A241-9AAAF958041E}
	EndGlobalSection
EndGlobal
